
Microsoft Visual Studio Solution File, Format Version 12.00
# Visual Studio Version 17
VisualStudioVersion = 17.11.35312.102
MinimumVisualStudioVersion = 10.0.40219.1
Project("{FAE04EC0-301F-11D3-BF4B-00C04F79EFBC}") = "CRUD", "CRUD.csproj", "{61242480-65C2-4F8D-8215-91C84EC5B4D3}"
EndProject
Global
	GlobalSection(SolutionConfigurationPlatforms) = preSolution
		Debug|Any CPU = Debug|Any CPU
		Release|Any CPU = Release|Any CPU
	EndGlobalSection
	GlobalSection(ProjectConfigurationPlatforms) = postSolution
		{61242480-65C2-4F8D-8215-91C84EC5B4D3}.Debug|Any CPU.ActiveCfg = Debug|Any CPU
		{61242480-65C2-4F8D-8215-91C84EC5B4D3}.Debug|Any CPU.Build.0 = Debug|Any CPU
		{61242480-65C2-4F8D-8215-91C84EC5B4D3}.Release|Any CPU.ActiveCfg = Release|Any CPU
		{61242480-65C2-4F8D-8215-91C84EC5B4D3}.Release|Any CPU.Build.0 = Release|Any CPU
	EndGlobalSection
	GlobalSection(SolutionProperties) = preSolution
		HideSolutionNode = FALSE
	EndGlobalSection
	GlobalSection(ExtensibilityGlobals) = postSolution
		SolutionGuid = {31864CC4-4990-45C6-B9CD-F29D9BCC864E}
	EndGlobalSection
EndGlobal
